// !$*UTF8*$!
{
	archiveVersion = 1;
	classes = {
	};
	objectVersion = 55;
	objects = {

/* Begin PBXBuildFile section */
		CB14ACFA2907E1DA002F64BD /* AppDelegate.swift in Sources */ = {isa = PBXBuildFile; fileRef = CB14ACF92907E1DA002F64BD /* AppDelegate.swift */; };
		CB14ACFC2907E1DA002F64BD /* SceneDelegate.swift in Sources */ = {isa = PBXBuildFile; fileRef = CB14ACFB2907E1DA002F64BD /* SceneDelegate.swift */; };
		CB14ACFE2907E1DA002F64BD /* ViewController.swift in Sources */ = {isa = PBXBuildFile; fileRef = CB14ACFD2907E1DA002F64BD /* ViewController.swift */; };
		CB14AD012907E1DA002F64BD /* Main.storyboard in Resources */ = {isa = PBXBuildFile; fileRef = CB14ACFF2907E1DA002F64BD /* Main.storyboard */; };
		CB14AD032907E1DC002F64BD /* Assets.xcassets in Resources */ = {isa = PBXBuildFile; fileRef = CB14AD022907E1DC002F64BD /* Assets.xcassets */; };
		CB14AD062907E1DC002F64BD /* LaunchScreen.storyboard in Resources */ = {isa = PBXBuildFile; fileRef = CB14AD042907E1DC002F64BD /* LaunchScreen.storyboard */; };
		CB14AD0E290A909D002F64BD /* Screen Shot 2022-10-27 at 9.08.26 pm.png in Resources */ = {isa = PBXBuildFile; fileRef = CB14AD0D290A909C002F64BD /* Screen Shot 2022-10-27 at 9.08.26 pm.png */; };
		CB14AD10290A9224002F64BD /* Screen Shot 2022-10-27 at 9.15.30 pm.png in Resources */ = {isa = PBXBuildFile; fileRef = CB14AD0F290A9224002F64BD /* Screen Shot 2022-10-27 at 9.15.30 pm.png */; };
		CB14AD12290A9270002F64BD /* Screen Shot 2022-10-27 at 9.18.11 pm.png in Resources */ = {isa = PBXBuildFile; fileRef = CB14AD11290A9270002F64BD /* Screen Shot 2022-10-27 at 9.18.11 pm.png */; };
		CB14AD14290A9D48002F64BD /* Screen Shot 2022-10-27 at 10.03.18 pm.png in Resources */ = {isa = PBXBuildFile; fileRef = CB14AD13290A9D48002F64BD /* Screen Shot 2022-10-27 at 10.03.18 pm.png */; };
		CB14AD16290A9D53002F64BD /* Screen Shot 2022-10-27 at 10.04.08 pm.png in Resources */ = {isa = PBXBuildFile; fileRef = CB14AD15290A9D53002F64BD /* Screen Shot 2022-10-27 at 10.04.08 pm.png */; };
		CB14AD18290AA2ED002F64BD /* Screen Shot 2022-10-27 at 10.27.19 pm.png in Resources */ = {isa = PBXBuildFile; fileRef = CB14AD17290AA2EC002F64BD /* Screen Shot 2022-10-27 at 10.27.19 pm.png */; };
		CBC9E545290E4EFA009CA0FC /* Screen Shot 2022-10-30 at 4.24.20 pm.png in Resources */ = {isa = PBXBuildFile; fileRef = CBC9E544290E4EFA009CA0FC /* Screen Shot 2022-10-30 at 4.24.20 pm.png */; };
/* End PBXBuildFile section */

/* Begin PBXFileReference section */
		CB14ACF62907E1DA002F64BD /* MyLegal A3 Project.app */ = {isa = PBXFileReference; explicitFileType = wrapper.application; includeInIndex = 0; path = "MyLegal A3 Project.app"; sourceTree = BUILT_PRODUCTS_DIR; };
		CB14ACF92907E1DA002F64BD /* AppDelegate.swift */ = {isa = PBXFileReference; lastKnownFileType = sourcecode.swift; path = AppDelegate.swift; sourceTree = "<group>"; };
		CB14ACFB2907E1DA002F64BD /* SceneDelegate.swift */ = {isa = PBXFileReference; lastKnownFileType = sourcecode.swift; path = SceneDelegate.swift; sourceTree = "<group>"; };
		CB14ACFD2907E1DA002F64BD /* ViewController.swift */ = {isa = PBXFileReference; lastKnownFileType = sourcecode.swift; path = ViewController.swift; sourceTree = "<group>"; };
		CB14AD002907E1DA002F64BD /* Base */ = {isa = PBXFileReference; lastKnownFileType = file.storyboard; name = Base; path = Base.lproj/Main.storyboard; sourceTree = "<group>"; };
		CB14AD022907E1DC002F64BD /* Assets.xcassets */ = {isa = PBXFileReference; lastKnownFileType = folder.assetcatalog; path = Assets.xcassets; sourceTree = "<group>"; };
		CB14AD052907E1DC002F64BD /* Base */ = {isa = PBXFileReference; lastKnownFileType = file.storyboard; name = Base; path = Base.lproj/LaunchScreen.storyboard; sourceTree = "<group>"; };
		CB14AD072907E1DC002F64BD /* Info.plist */ = {isa = PBXFileReference; lastKnownFileType = text.plist.xml; path = Info.plist; sourceTree = "<group>"; };
		CB14AD0D290A909C002F64BD /* Screen Shot 2022-10-27 at 9.08.26 pm.png */ = {isa = PBXFileReference; lastKnownFileType = image.png; name = "Screen Shot 2022-10-27 at 9.08.26 pm.png"; path = "../../../Desktop/Screen Shot 2022-10-27 at 9.08.26 pm.png"; sourceTree = "<group>"; };
		CB14AD0F290A9224002F64BD /* Screen Shot 2022-10-27 at 9.15.30 pm.png */ = {isa = PBXFileReference; lastKnownFileType = image.png; name = "Screen Shot 2022-10-27 at 9.15.30 pm.png"; path = "../../../Desktop/Screen Shot 2022-10-27 at 9.15.30 pm.png"; sourceTree = "<group>"; };
		CB14AD11290A9270002F64BD /* Screen Shot 2022-10-27 at 9.18.11 pm.png */ = {isa = PBXFileReference; lastKnownFileType = image.png; name = "Screen Shot 2022-10-27 at 9.18.11 pm.png"; path = "../../../Desktop/Screen Shot 2022-10-27 at 9.18.11 pm.png"; sourceTree = "<group>"; };
		CB14AD13290A9D48002F64BD /* Screen Shot 2022-10-27 at 10.03.18 pm.png */ = {isa = PBXFileReference; lastKnownFileType = image.png; name = "Screen Shot 2022-10-27 at 10.03.18 pm.png"; path = "../../../Desktop/Screen Shot 2022-10-27 at 10.03.18 pm.png"; sourceTree = "<group>"; };
		CB14AD15290A9D53002F64BD /* Screen Shot 2022-10-27 at 10.04.08 pm.png */ = {isa = PBXFileReference; lastKnownFileType = image.png; name = "Screen Shot 2022-10-27 at 10.04.08 pm.png"; path = "../../../Desktop/Screen Shot 2022-10-27 at 10.04.08 pm.png"; sourceTree = "<group>"; };
		CB14AD17290AA2EC002F64BD /* Screen Shot 2022-10-27 at 10.27.19 pm.png */ = {isa = PBXFileReference; lastKnownFileType = image.png; name = "Screen Shot 2022-10-27 at 10.27.19 pm.png"; path = "../../../Desktop/Screen Shot 2022-10-27 at 10.27.19 pm.png"; sourceTree = "<group>"; };
		CBC9E544290E4EFA009CA0FC /* Screen Shot 2022-10-30 at 4.24.20 pm.png */ = {isa = PBXFileReference; lastKnownFileType = image.png; name = "Screen Shot 2022-10-30 at 4.24.20 pm.png"; path = "../../../Desktop/Screen Shot 2022-10-30 at 4.24.20 pm.png"; sourceTree = "<group>"; };
/* End PBXFileReference section */

/* Begin PBXFrameworksBuildPhase section */
		CB14ACF32907E1DA002F64BD /* Frameworks */ = {
			isa = PBXFrameworksBuildPhase;
			buildActionMask = 2147483647;
			files = (
			);
			runOnlyForDeploymentPostprocessing = 0;
		};
/* End PBXFrameworksBuildPhase section */

/* Begin PBXGroup section */
		CB14ACED2907E1DA002F64BD = {
			isa = PBXGroup;
			children = (
				CB14ACF82907E1DA002F64BD /* MyLegal A3 Project */,
				CB14ACF72907E1DA002F64BD /* Products */,
			);
			sourceTree = "<group>";
		};
		CB14ACF72907E1DA002F64BD /* Products */ = {
			isa = PBXGroup;
			children = (
				CB14ACF62907E1DA002F64BD /* MyLegal A3 Project.app */,
			);
			name = Products;
			sourceTree = "<group>";
		};
		CB14ACF82907E1DA002F64BD /* MyLegal A3 Project */ = {
			isa = PBXGroup;
			children = (
				CB14ACF92907E1DA002F64BD /* AppDelegate.swift */,
				CB14ACFB2907E1DA002F64BD /* SceneDelegate.swift */,
				CB14ACFD2907E1DA002F64BD /* ViewController.swift */,
				CB14ACFF2907E1DA002F64BD /* Main.storyboard */,
				CB14AD022907E1DC002F64BD /* Assets.xcassets */,
				CBC9E544290E4EFA009CA0FC /* Screen Shot 2022-10-30 at 4.24.20 pm.png */,
				CB14AD17290AA2EC002F64BD /* Screen Shot 2022-10-27 at 10.27.19 pm.png */,
				CB14AD15290A9D53002F64BD /* Screen Shot 2022-10-27 at 10.04.08 pm.png */,
				CB14AD13290A9D48002F64BD /* Screen Shot 2022-10-27 at 10.03.18 pm.png */,
				CB14AD0F290A9224002F64BD /* Screen Shot 2022-10-27 at 9.15.30 pm.png */,
				CB14AD11290A9270002F64BD /* Screen Shot 2022-10-27 at 9.18.11 pm.png */,
				CB14AD0D290A909C002F64BD /* Screen Shot 2022-10-27 at 9.08.26 pm.png */,
				CB14AD042907E1DC002F64BD /* LaunchScreen.storyboard */,
				CB14AD072907E1DC002F64BD /* Info.plist */,
			);
			path = "MyLegal A3 Project";
			sourceTree = "<group>";
		};
/* End PBXGroup section */

/* Begin PBXNativeTarget section */
		CB14ACF52907E1DA002F64BD /* MyLegal A3 Project */ = {
			isa = PBXNativeTarget;
			buildConfigurationList = CB14AD0A2907E1DC002F64BD /* Build configuration list for PBXNativeTarget "MyLegal A3 Project" */;
			buildPhases = (
				CB14ACF22907E1DA002F64BD /* Sources */,
				CB14ACF32907E1DA002F64BD /* Frameworks */,
				CB14ACF42907E1DA002F64BD /* Resources */,
			);
			buildRules = (
			);
			dependencies = (
			);
			name = "MyLegal A3 Project";
			productName = "MyLegal A3 Project";
			productReference = CB14ACF62907E1DA002F64BD /* MyLegal A3 Project.app */;
			productType = "com.apple.product-type.application";
		};
/* End PBXNativeTarget section */

/* Begin PBXProject section */
		CB14ACEE2907E1DA002F64BD /* Project object */ = {
			isa = PBXProject;
			attributes = {
				BuildIndependentTargetsInParallel = 1;
				LastSwiftUpdateCheck = 1340;
				LastUpgradeCheck = 1340;
				TargetAttributes = {
					CB14ACF52907E1DA002F64BD = {
						CreatedOnToolsVersion = 13.4.1;
					};
				};
			};
			buildConfigurationList = CB14ACF12907E1DA002F64BD /* Build configuration list for PBXProject "MyLegal A3 Project" */;
			compatibilityVersion = "Xcode 13.0";
			developmentRegion = en;
			hasScannedForEncodings = 0;
			knownRegions = (
				en,
				Base,
			);
			mainGroup = CB14ACED2907E1DA002F64BD;
			productRefGroup = CB14ACF72907E1DA002F64BD /* Products */;
			projectDirPath = "";
			projectRoot = "";
			targets = (
				CB14ACF52907E1DA002F64BD /* MyLegal A3 Project */,
			);
		};
/* End PBXProject section */

/* Begin PBXResourcesBuildPhase section */
		CB14ACF42907E1DA002F64BD /* Resources */ = {
			isa = PBXResourcesBuildPhase;
			buildActionMask = 2147483647;
			files = (
				CB14AD062907E1DC002F64BD /* LaunchScreen.storyboard in Resources */,
				CB14AD18290AA2ED002F64BD /* Screen Shot 2022-10-27 at 10.27.19 pm.png in Resources */,
				CB14AD032907E1DC002F64BD /* Assets.xcassets in Resources */,
				CB14AD0E290A909D002F64BD /* Screen Shot 2022-10-27 at 9.08.26 pm.png in Resources */,
				CB14AD14290A9D48002F64BD /* Screen Shot 2022-10-27 at 10.03.18 pm.png in Resources */,
				CB14AD12290A9270002F64BD /* Screen Shot 2022-10-27 at 9.18.11 pm.png in Resources */,
				CB14AD012907E1DA002F64BD /* Main.storyboard in Resources */,
				CB14AD10290A9224002F64BD /* Screen Shot 2022-10-27 at 9.15.30 pm.png in Resources */,
				CB14AD16290A9D53002F64BD /* Screen Shot 2022-10-27 at 10.04.08 pm.png in Resources */,
				CBC9E545290E4EFA009CA0FC /* Screen Shot 2022-10-30 at 4.24.20 pm.png in Resources */,
			);
			runOnlyForDeploymentPostprocessing = 0;
		};
/* End PBXResourcesBuildPhase section */

/* Begin PBXSourcesBuildPhase section */
		CB14ACF22907E1DA002F64BD /* Sources */ = {
			isa = PBXSourcesBuildPhase;
			buildActionMask = 2147483647;
			files = (
				CB14ACFE2907E1DA002F64BD /* ViewController.swift in Sources */,
				CB14ACFA2907E1DA002F64BD /* AppDelegate.swift in Sources */,
				CB14ACFC2907E1DA002F64BD /* SceneDelegate.swift in Sources */,
			);
			runOnlyForDeploymentPostprocessing = 0;
		};
/* End PBXSourcesBuildPhase section */

/* Begin PBXVariantGroup section */
		CB14ACFF2907E1DA002F64BD /* Main.storyboard */ = {
			isa = PBXVariantGroup;
			children = (
				CB14AD002907E1DA002F64BD /* Base */,
			);
			name = Main.storyboard;
			sourceTree = "<group>";
		};
		CB14AD042907E1DC002F64BD /* LaunchScreen.storyboard */ = {
			isa = PBXVariantGroup;
			children = (
				CB14AD052907E1DC002F64BD /* Base */,
			);
			name = LaunchScreen.storyboard;
			sourceTree = "<group>";
		};
/* End PBXVariantGroup section */

/* Begin XCBuildConfiguration section */
		CB14AD082907E1DC002F64BD /* Debug */ = {
			isa = XCBuildConfiguration;
			buildSettings = {
				ALWAYS_SEARCH_USER_PATHS = NO;
				CLANG_ANALYZER_NONNULL = YES;
				CLANG_ANALYZER_NUMBER_OBJECT_CONVERSION = YES_AGGRESSIVE;
				CLANG_CXX_LANGUAGE_STANDARD = "gnu++17";
				CLANG_ENABLE_MODULES = YES;
				CLANG_ENABLE_OBJC_ARC = YES;
				CLANG_ENABLE_OBJC_WEAK = YES;
				CLANG_WARN_BLOCK_CAPTURE_AUTORELEASING = YES;
				CLANG_WARN_BOOL_CONVERSION = YES;
				CLANG_WARN_COMMA = YES;
				CLANG_WARN_CONSTANT_CONVERSION = YES;
				CLANG_WARN_DEPRECATED_OBJC_IMPLEMENTATIONS = YES;
				CLANG_WARN_DIRECT_OBJC_ISA_USAGE = YES_ERROR;
				CLANG_WARN_DOCUMENTATION_COMMENTS = YES;
				CLANG_WARN_EMPTY_BODY = YES;
				CLANG_WARN_ENUM_CONVERSION = YES;
				CLANG_WARN_INFINITE_RECURSION = YES;
				CLANG_WARN_INT_CONVERSION = YES;
				CLANG_WARN_NON_LITERAL_NULL_CONVERSION = YES;
				CLANG_WARN_OBJC_IMPLICIT_RETAIN_SELF = YES;
				CLANG_WARN_OBJC_LITERAL_CONVERSION = YES;
				CLANG_WARN_OBJC_ROOT_CLASS = YES_ERROR;
				CLANG_WARN_QUOTED_INCLUDE_IN_FRAMEWORK_HEADER = YES;
				CLANG_WARN_RANGE_LOOP_ANALYSIS = YES;
				CLANG_WARN_STRICT_PROTOTYPES = YES;
				CLANG_WARN_SUSPICIOUS_MOVE = YES;
				CLANG_WARN_UNGUARDED_AVAILABILITY = YES_AGGRESSIVE;
				CLANG_WARN_UNREACHABLE_CODE = YES;
				CLANG_WARN__DUPLICATE_METHOD_MATCH = YES;
				COPY_PHASE_STRIP = NO;
				DEBUG_INFORMATION_FORMAT = dwarf;
				ENABLE_STRICT_OBJC_MSGSEND = YES;
				ENABLE_TESTABILITY = YES;
				GCC_C_LANGUAGE_STANDARD = gnu11;
				GCC_DYNAMIC_NO_PIC = NO;
				GCC_NO_COMMON_BLOCKS = YES;
				GCC_OPTIMIZATION_LEVEL = 0;
				GCC_PREPROCESSOR_DEFINITIONS = (
					"DEBUG=1",
					"$(inherited)",
				);
				GCC_WARN_64_TO_32_BIT_CONVERSION = YES;
				GCC_WARN_ABOUT_RETURN_TYPE = YES_ERROR;
				GCC_WARN_UNDECLARED_SELECTOR = YES;
				GCC_WARN_UNINITIALIZED_AUTOS = YES_AGGRESSIVE;
				GCC_WARN_UNUSED_FUNCTION = YES;
				GCC_WARN_UNUSED_VARIABLE = YES;
				IPHONEOS_DEPLOYMENT_TARGET = 15.5;
				MTL_ENABLE_DEBUG_INFO = INCLUDE_SOURCE;
				MTL_FAST_MATH = YES;
				ONLY_ACTIVE_ARCH = YES;
				SDKROOT = iphoneos;
				SWIFT_ACTIVE_COMPILATION_CONDITIONS = DEBUG;
				SWIFT_OPTIMIZATION_LEVEL = "-Onone";
			};
			name = Debug;
		};
		CB14AD092907E1DC002F64BD /* Release */ = {
			isa = XCBuildConfiguration;
			buildSettings = {
				ALWAYS_SEARCH_USER_PATHS = NO;
				CLANG_ANALYZER_NONNULL = YES;
				CLANG_ANALYZER_NUMBER_OBJECT_CONVERSION = YES_AGGRESSIVE;
				CLANG_CXX_LANGUAGE_STANDARD = "gnu++17";
				CLANG_ENABLE_MODULES = YES;
				CLANG_ENABLE_OBJC_ARC = YES;
				CLANG_ENABLE_OBJC_WEAK = YES;
				CLANG_WARN_BLOCK_CAPTURE_AUTORELEASING = YES;
				CLANG_WARN_BOOL_CONVERSION = YES;
				CLANG_WARN_COMMA = YES;
				CLANG_WARN_CONSTANT_CONVERSION = YES;
				CLANG_WARN_DEPRECATED_OBJC_IMPLEMENTATIONS = YES;
				CLANG_WARN_DIRECT_OBJC_ISA_USAGE = YES_ERROR;
				CLANG_WARN_DOCUMENTATION_COMMENTS = YES;
				CLANG_WARN_EMPTY_BODY = YES;
				CLANG_WARN_ENUM_CONVERSION = YES;
				CLANG_WARN_INFINITE_RECURSION = YES;
				CLANG_WARN_INT_CONVERSION = YES;
				CLANG_WARN_NON_LITERAL_NULL_CONVERSION = YES;
				CLANG_WARN_OBJC_IMPLICIT_RETAIN_SELF = YES;
				CLANG_WARN_OBJC_LITERAL_CONVERSION = YES;
				CLANG_WARN_OBJC_ROOT_CLASS = YES_ERROR;
				CLANG_WARN_QUOTED_INCLUDE_IN_FRAMEWORK_HEADER = YES;
				CLANG_WARN_RANGE_LOOP_ANALYSIS = YES;
				CLANG_WARN_STRICT_PROTOTYPES = YES;
				CLANG_WARN_SUSPICIOUS_MOVE = YES;
				CLANG_WARN_UNGUARDED_AVAILABILITY = YES_AGGRESSIVE;
				CLANG_WARN_UNREACHABLE_CODE = YES;
				CLANG_WARN__DUPLICATE_METHOD_MATCH = YES;
				COPY_PHASE_STRIP = NO;
				DEBUG_INFORMATION_FORMAT = "dwarf-with-dsym";
				ENABLE_NS_ASSERTIONS = NO;
				ENABLE_STRICT_OBJC_MSGSEND = YES;
				GCC_C_LANGUAGE_STANDARD = gnu11;
				GCC_NO_COMMON_BLOCKS = YES;
				GCC_WARN_64_TO_32_BIT_CONVERSION = YES;
				GCC_WARN_ABOUT_RETURN_TYPE = YES_ERROR;
				GCC_WARN_UNDECLARED_SELECTOR = YES;
				GCC_WARN_UNINITIALIZED_AUTOS = YES_AGGRESSIVE;
				GCC_WARN_UNUSED_FUNCTION = YES;
				GCC_WARN_UNUSED_VARIABLE = YES;
				IPHONEOS_DEPLOYMENT_TARGET = 15.5;
				MTL_ENABLE_DEBUG_INFO = NO;
				MTL_FAST_MATH = YES;
				SDKROOT = iphoneos;
				SWIFT_COMPILATION_MODE = wholemodule;
				SWIFT_OPTIMIZATION_LEVEL = "-O";
				VALIDATE_PRODUCT = YES;
			};
			name = Release;
		};
		CB14AD0B2907E1DC002F64BD /* Debug */ = {
			isa = XCBuildConfiguration;
			buildSettings = {
				ASSETCATALOG_COMPILER_APPICON_NAME = AppIcon;
				ASSETCATALOG_COMPILER_GLOBAL_ACCENT_COLOR_NAME = AccentColor;
				CODE_SIGN_STYLE = Automatic;
				CURRENT_PROJECT_VERSION = 1;
				DEVELOPMENT_TEAM = 57XY8DUJZX;
				GENERATE_INFOPLIST_FILE = YES;
				INFOPLIST_FILE = "MyLegal A3 Project/Info.plist";
				INFOPLIST_KEY_UIApplicationSupportsIndirectInputEvents = YES;
				INFOPLIST_KEY_UILaunchStoryboardName = LaunchScreen;
				INFOPLIST_KEY_UIMainStoryboardFile = Main;
				INFOPLIST_KEY_UISupportedInterfaceOrientations_iPad = "UIInterfaceOrientationPortrait UIInterfaceOrientationPortraitUpsideDown UIInterfaceOrientationLandscapeLeft UIInterfaceOrientationLandscapeRight";
				INFOPLIST_KEY_UISupportedInterfaceOrientations_iPhone = "UIInterfaceOrientationPortrait UIInterfaceOrientationLandscapeLeft UIInterfaceOrientationLandscapeRight";
				LD_RUNPATH_SEARCH_PATHS = (
					"$(inherited)",
					"@executable_path/Frameworks",
				);
				MARKETING_VERSION = 1.0;
				PRODUCT_BUNDLE_IDENTIFIER = "MyLegal.MyLegal-A3-Project";
				PRODUCT_NAME = "$(TARGET_NAME)";
				SWIFT_EMIT_LOC_STRINGS = YES;
				SWIFT_VERSION = 5.0;
				TARGETED_DEVICE_FAMILY = "1,2";
			};
			name = Debug;
		};
		CB14AD0C2907E1DC002F64BD /* Release */ = {
			isa = XCBuildConfiguration;
			buildSettings = {
				ASSETCATALOG_COMPILER_APPICON_NAME = AppIcon;
				ASSETCATALOG_COMPILER_GLOBAL_ACCENT_COLOR_NAME = AccentColor;
				CODE_SIGN_STYLE = Automatic;
				CURRENT_PROJECT_VERSION = 1;
				DEVELOPMENT_TEAM = 57XY8DUJZX;
				GENERATE_INFOPLIST_FILE = YES;
				INFOPLIST_FILE = "MyLegal A3 Project/Info.plist";
				INFOPLIST_KEY_UIApplicationSupportsIndirectInputEvents = YES;
				INFOPLIST_KEY_UILaunchStoryboardName = LaunchScreen;
				INFOPLIST_KEY_UIMainStoryboardFile = Main;
				INFOPLIST_KEY_UISupportedInterfaceOrientations_iPad = "UIInterfaceOrientationPortrait UIInterfaceOrientationPortraitUpsideDown UIInterfaceOrientationLandscapeLeft UIInterfaceOrientationLandscapeRight";
				INFOPLIST_KEY_UISupportedInterfaceOrientations_iPhone = "UIInterfaceOrientationPortrait UIInterfaceOrientationLandscapeLeft UIInterfaceOrientationLandscapeRight";
				LD_RUNPATH_SEARCH_PATHS = (
					"$(inherited)",
					"@executable_path/Frameworks",
				);
				MARKETING_VERSION = 1.0;
				PRODUCT_BUNDLE_IDENTIFIER = "MyLegal.MyLegal-A3-Project";
				PRODUCT_NAME = "$(TARGET_NAME)";
				SWIFT_EMIT_LOC_STRINGS = YES;
				SWIFT_VERSION = 5.0;
				TARGETED_DEVICE_FAMILY = "1,2";
			};
			name = Release;
		};
/* End XCBuildConfiguration section */

/* Begin XCConfigurationList section */
		CB14ACF12907E1DA002F64BD /* Build configuration list for PBXProject "MyLegal A3 Project" */ = {
			isa = XCConfigurationList;
			buildConfigurations = (
				CB14AD082907E1DC002F64BD /* Debug */,
				CB14AD092907E1DC002F64BD /* Release */,
			);
			defaultConfigurationIsVisible = 0;
			defaultConfigurationName = Release;
		};
		CB14AD0A2907E1DC002F64BD /* Build configuration list for PBXNativeTarget "MyLegal A3 Project" */ = {
			isa = XCConfigurationList;
			buildConfigurations = (
				CB14AD0B2907E1DC002F64BD /* Debug */,
				CB14AD0C2907E1DC002F64BD /* Release */,
			);
			defaultConfigurationIsVisible = 0;
			defaultConfigurationName = Release;
		};
/* End XCConfigurationList section */
	};
	rootObject = CB14ACEE2907E1DA002F64BD /* Project object */;
}
